// !$*UTF8*$!
{
	archiveVersion = 1;
	classes = {
	};
	objectVersion = 56;
	objects = {

/* Begin PBXBuildFile section */
		121AB8592A47E90C0036CCA2 /* SwiftUIDemoApp.swift in Sources */ = {isa = PBXBuildFile; fileRef = 121AB8582A47E90C0036CCA2 /* SwiftUIDemoApp.swift */; };
		121AB85B2A47E90C0036CCA2 /* LoginView.swift in Sources */ = {isa = PBXBuildFile; fileRef = 121AB85A2A47E90C0036CCA2 /* LoginView.swift */; };
		121AB85D2A47E90D0036CCA2 /* ImageAssets.xcassets in Resources */ = {isa = PBXBuildFile; fileRef = 121AB85C2A47E90D0036CCA2 /* ImageAssets.xcassets */; };
		121AB8602A47E90D0036CCA2 /* Preview Assets.xcassets in Resources */ = {isa = PBXBuildFile; fileRef = 121AB85F2A47E90D0036CCA2 /* Preview Assets.xcassets */; };
		121AB86A2A47E90D0036CCA2 /* SwiftUIDemoTests.swift in Sources */ = {isa = PBXBuildFile; fileRef = 121AB8692A47E90D0036CCA2 /* SwiftUIDemoTests.swift */; };
		121AB8742A47E90D0036CCA2 /* SwiftUIDemoUITests.swift in Sources */ = {isa = PBXBuildFile; fileRef = 121AB8732A47E90D0036CCA2 /* SwiftUIDemoUITests.swift */; };
		121AB8762A47E90D0036CCA2 /* SwiftUIDemoUITestsLaunchTests.swift in Sources */ = {isa = PBXBuildFile; fileRef = 121AB8752A47E90D0036CCA2 /* SwiftUIDemoUITestsLaunchTests.swift */; };
		12AAEECA2A4EAD590065F810 /* LoginViewModel.swift in Sources */ = {isa = PBXBuildFile; fileRef = 12AAEEC92A4EAD590065F810 /* LoginViewModel.swift */; };
		12DEF9AA2A527A630066B4DA /* ColorExtension.swift in Sources */ = {isa = PBXBuildFile; fileRef = 12DEF9A92A527A630066B4DA /* ColorExtension.swift */; };
		12DEF9AC2A527AA70066B4DA /* ViewExtension.swift in Sources */ = {isa = PBXBuildFile; fileRef = 12DEF9AB2A527AA70066B4DA /* ViewExtension.swift */; };
		12DEF9AE2A527B1A0066B4DA /* ColorAssets.xcassets in Resources */ = {isa = PBXBuildFile; fileRef = 12DEF9AD2A527B1A0066B4DA /* ColorAssets.xcassets */; };
		12DEF9B02A529C840066B4DA /* ButtonExtension.swift in Sources */ = {isa = PBXBuildFile; fileRef = 12DEF9AF2A529C840066B4DA /* ButtonExtension.swift */; };
		425DD7E1B8C819A7326363E4 /* Pods_SwiftUIDemo.framework in Frameworks */ = {isa = PBXBuildFile; fileRef = B03B6B8EFE1E8CCCE1561F0A /* Pods_SwiftUIDemo.framework */; };
		7D9C43F44E5FAB9092CF9F02 /* Pods_SwiftUIDemo_SwiftUIDemoUITests.framework in Frameworks */ = {isa = PBXBuildFile; fileRef = BB02465A63E318E4E7B4F04D /* Pods_SwiftUIDemo_SwiftUIDemoUITests.framework */; };
		E44FD1F0E7FC1817B6040A3A /* Pods_SwiftUIDemoTests.framework in Frameworks */ = {isa = PBXBuildFile; fileRef = E5E110376D139BB5C9AFE1E7 /* Pods_SwiftUIDemoTests.framework */; };
/* End PBXBuildFile section */

/* Begin PBXContainerItemProxy section */
		121AB8662A47E90D0036CCA2 /* PBXContainerItemProxy */ = {
			isa = PBXContainerItemProxy;
			containerPortal = 121AB84D2A47E90C0036CCA2 /* Project object */;
			proxyType = 1;
			remoteGlobalIDString = 121AB8542A47E90C0036CCA2;
			remoteInfo = SwiftUIDemo;
		};
		121AB8702A47E90D0036CCA2 /* PBXContainerItemProxy */ = {
			isa = PBXContainerItemProxy;
			containerPortal = 121AB84D2A47E90C0036CCA2 /* Project object */;
			proxyType = 1;
			remoteGlobalIDString = 121AB8542A47E90C0036CCA2;
			remoteInfo = SwiftUIDemo;
		};
/* End PBXContainerItemProxy section */

/* Begin PBXFileReference section */
		121AB8552A47E90C0036CCA2 /* SwiftUIDemo.app */ = {isa = PBXFileReference; explicitFileType = wrapper.application; includeInIndex = 0; path = SwiftUIDemo.app; sourceTree = BUILT_PRODUCTS_DIR; };
		121AB8582A47E90C0036CCA2 /* SwiftUIDemoApp.swift */ = {isa = PBXFileReference; lastKnownFileType = sourcecode.swift; path = SwiftUIDemoApp.swift; sourceTree = "<group>"; };
		121AB85A2A47E90C0036CCA2 /* LoginView.swift */ = {isa = PBXFileReference; lastKnownFileType = sourcecode.swift; path = LoginView.swift; sourceTree = "<group>"; };
		121AB85C2A47E90D0036CCA2 /* ImageAssets.xcassets */ = {isa = PBXFileReference; lastKnownFileType = folder.assetcatalog; path = ImageAssets.xcassets; sourceTree = "<group>"; };
		121AB85F2A47E90D0036CCA2 /* Preview Assets.xcassets */ = {isa = PBXFileReference; lastKnownFileType = folder.assetcatalog; path = "Preview Assets.xcassets"; sourceTree = "<group>"; };
		121AB8652A47E90D0036CCA2 /* SwiftUIDemoTests.xctest */ = {isa = PBXFileReference; explicitFileType = wrapper.cfbundle; includeInIndex = 0; path = SwiftUIDemoTests.xctest; sourceTree = BUILT_PRODUCTS_DIR; };
		121AB8692A47E90D0036CCA2 /* SwiftUIDemoTests.swift */ = {isa = PBXFileReference; lastKnownFileType = sourcecode.swift; path = SwiftUIDemoTests.swift; sourceTree = "<group>"; };
		121AB86F2A47E90D0036CCA2 /* SwiftUIDemoUITests.xctest */ = {isa = PBXFileReference; explicitFileType = wrapper.cfbundle; includeInIndex = 0; path = SwiftUIDemoUITests.xctest; sourceTree = BUILT_PRODUCTS_DIR; };
		121AB8732A47E90D0036CCA2 /* SwiftUIDemoUITests.swift */ = {isa = PBXFileReference; lastKnownFileType = sourcecode.swift; path = SwiftUIDemoUITests.swift; sourceTree = "<group>"; };
		121AB8752A47E90D0036CCA2 /* SwiftUIDemoUITestsLaunchTests.swift */ = {isa = PBXFileReference; lastKnownFileType = sourcecode.swift; path = SwiftUIDemoUITestsLaunchTests.swift; sourceTree = "<group>"; };
		12AAEEC92A4EAD590065F810 /* LoginViewModel.swift */ = {isa = PBXFileReference; lastKnownFileType = sourcecode.swift; path = LoginViewModel.swift; sourceTree = "<group>"; };
		12DEF9A92A527A630066B4DA /* ColorExtension.swift */ = {isa = PBXFileReference; lastKnownFileType = sourcecode.swift; path = ColorExtension.swift; sourceTree = "<group>"; };
		12DEF9AB2A527AA70066B4DA /* ViewExtension.swift */ = {isa = PBXFileReference; lastKnownFileType = sourcecode.swift; path = ViewExtension.swift; sourceTree = "<group>"; };
		12DEF9AD2A527B1A0066B4DA /* ColorAssets.xcassets */ = {isa = PBXFileReference; lastKnownFileType = folder.assetcatalog; path = ColorAssets.xcassets; sourceTree = "<group>"; };
		12DEF9AF2A529C840066B4DA /* ButtonExtension.swift */ = {isa = PBXFileReference; lastKnownFileType = sourcecode.swift; path = ButtonExtension.swift; sourceTree = "<group>"; };
		1613759ADC8DA58BED7089A3 /* Pods-SwiftUIDemo-SwiftUIDemoUITests.release.xcconfig */ = {isa = PBXFileReference; includeInIndex = 1; lastKnownFileType = text.xcconfig; name = "Pods-SwiftUIDemo-SwiftUIDemoUITests.release.xcconfig"; path = "Target Support Files/Pods-SwiftUIDemo-SwiftUIDemoUITests/Pods-SwiftUIDemo-SwiftUIDemoUITests.release.xcconfig"; sourceTree = "<group>"; };
		1C7B55A5875A00A27A47C418 /* Pods-SwiftUIDemo-SwiftUIDemoUITests.debug.xcconfig */ = {isa = PBXFileReference; includeInIndex = 1; lastKnownFileType = text.xcconfig; name = "Pods-SwiftUIDemo-SwiftUIDemoUITests.debug.xcconfig"; path = "Target Support Files/Pods-SwiftUIDemo-SwiftUIDemoUITests/Pods-SwiftUIDemo-SwiftUIDemoUITests.debug.xcconfig"; sourceTree = "<group>"; };
		516E42838A2D6A6DE20DE15B /* Pods-SwiftUIDemo.debug.xcconfig */ = {isa = PBXFileReference; includeInIndex = 1; lastKnownFileType = text.xcconfig; name = "Pods-SwiftUIDemo.debug.xcconfig"; path = "Target Support Files/Pods-SwiftUIDemo/Pods-SwiftUIDemo.debug.xcconfig"; sourceTree = "<group>"; };
		B03B6B8EFE1E8CCCE1561F0A /* Pods_SwiftUIDemo.framework */ = {isa = PBXFileReference; explicitFileType = wrapper.framework; includeInIndex = 0; path = Pods_SwiftUIDemo.framework; sourceTree = BUILT_PRODUCTS_DIR; };
		BB02465A63E318E4E7B4F04D /* Pods_SwiftUIDemo_SwiftUIDemoUITests.framework */ = {isa = PBXFileReference; explicitFileType = wrapper.framework; includeInIndex = 0; path = Pods_SwiftUIDemo_SwiftUIDemoUITests.framework; sourceTree = BUILT_PRODUCTS_DIR; };
		BC03B66796C75AF36B33BDF8 /* Pods-SwiftUIDemoTests.debug.xcconfig */ = {isa = PBXFileReference; includeInIndex = 1; lastKnownFileType = text.xcconfig; name = "Pods-SwiftUIDemoTests.debug.xcconfig"; path = "Target Support Files/Pods-SwiftUIDemoTests/Pods-SwiftUIDemoTests.debug.xcconfig"; sourceTree = "<group>"; };
		CF91A261E52CC99F75C9C06D /* Pods-SwiftUIDemoTests.release.xcconfig */ = {isa = PBXFileReference; includeInIndex = 1; lastKnownFileType = text.xcconfig; name = "Pods-SwiftUIDemoTests.release.xcconfig"; path = "Target Support Files/Pods-SwiftUIDemoTests/Pods-SwiftUIDemoTests.release.xcconfig"; sourceTree = "<group>"; };
		D1652936F107077B2A08F23A /* Pods-SwiftUIDemo.release.xcconfig */ = {isa = PBXFileReference; includeInIndex = 1; lastKnownFileType = text.xcconfig; name = "Pods-SwiftUIDemo.release.xcconfig"; path = "Target Support Files/Pods-SwiftUIDemo/Pods-SwiftUIDemo.release.xcconfig"; sourceTree = "<group>"; };
		E5E110376D139BB5C9AFE1E7 /* Pods_SwiftUIDemoTests.framework */ = {isa = PBXFileReference; explicitFileType = wrapper.framework; includeInIndex = 0; path = Pods_SwiftUIDemoTests.framework; sourceTree = BUILT_PRODUCTS_DIR; };
/* End PBXFileReference section */

/* Begin PBXFrameworksBuildPhase section */
		121AB8522A47E90C0036CCA2 /* Frameworks */ = {
			isa = PBXFrameworksBuildPhase;
			buildActionMask = 2147483647;
			files = (
				425DD7E1B8C819A7326363E4 /* Pods_SwiftUIDemo.framework in Frameworks */,
			);
			runOnlyForDeploymentPostprocessing = 0;
		};
		121AB8622A47E90D0036CCA2 /* Frameworks */ = {
			isa = PBXFrameworksBuildPhase;
			buildActionMask = 2147483647;
			files = (
				E44FD1F0E7FC1817B6040A3A /* Pods_SwiftUIDemoTests.framework in Frameworks */,
			);
			runOnlyForDeploymentPostprocessing = 0;
		};
		121AB86C2A47E90D0036CCA2 /* Frameworks */ = {
			isa = PBXFrameworksBuildPhase;
			buildActionMask = 2147483647;
			files = (
				7D9C43F44E5FAB9092CF9F02 /* Pods_SwiftUIDemo_SwiftUIDemoUITests.framework in Frameworks */,
			);
			runOnlyForDeploymentPostprocessing = 0;
		};
/* End PBXFrameworksBuildPhase section */

/* Begin PBXGroup section */
		121AB84C2A47E90C0036CCA2 = {
			isa = PBXGroup;
			children = (
				121AB8572A47E90C0036CCA2 /* SwiftUIDemo */,
				121AB8682A47E90D0036CCA2 /* SwiftUIDemoTests */,
				121AB8722A47E90D0036CCA2 /* SwiftUIDemoUITests */,
				121AB8562A47E90C0036CCA2 /* Products */,
				7859A2CE1147E8804FA3A6AB /* Pods */,
				C4C0A7F7F244AA2F21D99BBA /* Frameworks */,
			);
			sourceTree = "<group>";
		};
		121AB8562A47E90C0036CCA2 /* Products */ = {
			isa = PBXGroup;
			children = (
				121AB8552A47E90C0036CCA2 /* SwiftUIDemo.app */,
				121AB8652A47E90D0036CCA2 /* SwiftUIDemoTests.xctest */,
				121AB86F2A47E90D0036CCA2 /* SwiftUIDemoUITests.xctest */,
			);
			name = Products;
			sourceTree = "<group>";
		};
		121AB8572A47E90C0036CCA2 /* SwiftUIDemo */ = {
			isa = PBXGroup;
			children = (
				12DEF9A82A527A450066B4DA /* extensions */,
				121AB8582A47E90C0036CCA2 /* SwiftUIDemoApp.swift */,
				121AB85A2A47E90C0036CCA2 /* LoginView.swift */,
				12AAEEC92A4EAD590065F810 /* LoginViewModel.swift */,
				121AB85C2A47E90D0036CCA2 /* ImageAssets.xcassets */,
				12DEF9AD2A527B1A0066B4DA /* ColorAssets.xcassets */,
				121AB85E2A47E90D0036CCA2 /* Preview Content */,
			);
			path = SwiftUIDemo;
			sourceTree = "<group>";
		};
		121AB85E2A47E90D0036CCA2 /* Preview Content */ = {
			isa = PBXGroup;
			children = (
				121AB85F2A47E90D0036CCA2 /* Preview Assets.xcassets */,
			);
			path = "Preview Content";
			sourceTree = "<group>";
		};
		121AB8682A47E90D0036CCA2 /* SwiftUIDemoTests */ = {
			isa = PBXGroup;
			children = (
				121AB8692A47E90D0036CCA2 /* SwiftUIDemoTests.swift */,
			);
			path = SwiftUIDemoTests;
			sourceTree = "<group>";
		};
		121AB8722A47E90D0036CCA2 /* SwiftUIDemoUITests */ = {
			isa = PBXGroup;
			children = (
				121AB8732A47E90D0036CCA2 /* SwiftUIDemoUITests.swift */,
				121AB8752A47E90D0036CCA2 /* SwiftUIDemoUITestsLaunchTests.swift */,
			);
			path = SwiftUIDemoUITests;
			sourceTree = "<group>";
		};
		12DEF9A82A527A450066B4DA /* extensions */ = {
			isa = PBXGroup;
			children = (
				12DEF9A92A527A630066B4DA /* ColorExtension.swift */,
				12DEF9AB2A527AA70066B4DA /* ViewExtension.swift */,
				12DEF9AF2A529C840066B4DA /* ButtonExtension.swift */,
			);
			path = extensions;
			sourceTree = "<group>";
		};
		7859A2CE1147E8804FA3A6AB /* Pods */ = {
			isa = PBXGroup;
			children = (
				516E42838A2D6A6DE20DE15B /* Pods-SwiftUIDemo.debug.xcconfig */,
				D1652936F107077B2A08F23A /* Pods-SwiftUIDemo.release.xcconfig */,
				1C7B55A5875A00A27A47C418 /* Pods-SwiftUIDemo-SwiftUIDemoUITests.debug.xcconfig */,
				1613759ADC8DA58BED7089A3 /* Pods-SwiftUIDemo-SwiftUIDemoUITests.release.xcconfig */,
				BC03B66796C75AF36B33BDF8 /* Pods-SwiftUIDemoTests.debug.xcconfig */,
				CF91A261E52CC99F75C9C06D /* Pods-SwiftUIDemoTests.release.xcconfig */,
			);
			path = Pods;
			sourceTree = "<group>";
		};
		C4C0A7F7F244AA2F21D99BBA /* Frameworks */ = {
			isa = PBXGroup;
			children = (
				B03B6B8EFE1E8CCCE1561F0A /* Pods_SwiftUIDemo.framework */,
				BB02465A63E318E4E7B4F04D /* Pods_SwiftUIDemo_SwiftUIDemoUITests.framework */,
				E5E110376D139BB5C9AFE1E7 /* Pods_SwiftUIDemoTests.framework */,
			);
			name = Frameworks;
			sourceTree = "<group>";
		};
/* End PBXGroup section */

/* Begin PBXNativeTarget section */
		121AB8542A47E90C0036CCA2 /* SwiftUIDemo */ = {
			isa = PBXNativeTarget;
			buildConfigurationList = 121AB8792A47E90D0036CCA2 /* Build configuration list for PBXNativeTarget "SwiftUIDemo" */;
			buildPhases = (
				1D9665F584FDA498C937EAF3 /* [CP] Check Pods Manifest.lock */,
				121AB8512A47E90C0036CCA2 /* Sources */,
				121AB8522A47E90C0036CCA2 /* Frameworks */,
				121AB8532A47E90C0036CCA2 /* Resources */,
			);
			buildRules = (
			);
			dependencies = (
			);
			name = SwiftUIDemo;
			productName = SwiftUIDemo;
			productReference = 121AB8552A47E90C0036CCA2 /* SwiftUIDemo.app */;
			productType = "com.apple.product-type.application";
		};
		121AB8642A47E90D0036CCA2 /* SwiftUIDemoTests */ = {
			isa = PBXNativeTarget;
			buildConfigurationList = 121AB87C2A47E90D0036CCA2 /* Build configuration list for PBXNativeTarget "SwiftUIDemoTests" */;
			buildPhases = (
				D227BA08FAFE5C894C132EA5 /* [CP] Check Pods Manifest.lock */,
				121AB8612A47E90D0036CCA2 /* Sources */,
				121AB8622A47E90D0036CCA2 /* Frameworks */,
				121AB8632A47E90D0036CCA2 /* Resources */,
			);
			buildRules = (
			);
			dependencies = (
				121AB8672A47E90D0036CCA2 /* PBXTargetDependency */,
			);
			name = SwiftUIDemoTests;
			productName = SwiftUIDemoTests;
			productReference = 121AB8652A47E90D0036CCA2 /* SwiftUIDemoTests.xctest */;
			productType = "com.apple.product-type.bundle.unit-test";
		};
		121AB86E2A47E90D0036CCA2 /* SwiftUIDemoUITests */ = {
			isa = PBXNativeTarget;
			buildConfigurationList = 121AB87F2A47E90D0036CCA2 /* Build configuration list for PBXNativeTarget "SwiftUIDemoUITests" */;
			buildPhases = (
				0FA480FEA51FAF246C723196 /* [CP] Check Pods Manifest.lock */,
				121AB86B2A47E90D0036CCA2 /* Sources */,
				121AB86C2A47E90D0036CCA2 /* Frameworks */,
				121AB86D2A47E90D0036CCA2 /* Resources */,
			);
			buildRules = (
			);
			dependencies = (
				121AB8712A47E90D0036CCA2 /* PBXTargetDependency */,
			);
			name = SwiftUIDemoUITests;
			productName = SwiftUIDemoUITests;
			productReference = 121AB86F2A47E90D0036CCA2 /* SwiftUIDemoUITests.xctest */;
			productType = "com.apple.product-type.bundle.ui-testing";
		};
/* End PBXNativeTarget section */

/* Begin PBXProject section */
		121AB84D2A47E90C0036CCA2 /* Project object */ = {
			isa = PBXProject;
			attributes = {
				BuildIndependentTargetsInParallel = 1;
				LastSwiftUpdateCheck = 1430;
				LastUpgradeCheck = 1430;
				TargetAttributes = {
					121AB8542A47E90C0036CCA2 = {
						CreatedOnToolsVersion = 14.3.1;
					};
					121AB8642A47E90D0036CCA2 = {
						CreatedOnToolsVersion = 14.3.1;
						TestTargetID = 121AB8542A47E90C0036CCA2;
					};
					121AB86E2A47E90D0036CCA2 = {
						CreatedOnToolsVersion = 14.3.1;
						TestTargetID = 121AB8542A47E90C0036CCA2;
					};
				};
			};
			buildConfigurationList = 121AB8502A47E90C0036CCA2 /* Build configuration list for PBXProject "SwiftUIDemo" */;
			compatibilityVersion = "Xcode 14.0";
			developmentRegion = en;
			hasScannedForEncodings = 0;
			knownRegions = (
				en,
				Base,
			);
			mainGroup = 121AB84C2A47E90C0036CCA2;
			productRefGroup = 121AB8562A47E90C0036CCA2 /* Products */;
			projectDirPath = "";
			projectRoot = "";
			targets = (
				121AB8542A47E90C0036CCA2 /* SwiftUIDemo */,
				121AB8642A47E90D0036CCA2 /* SwiftUIDemoTests */,
				121AB86E2A47E90D0036CCA2 /* SwiftUIDemoUITests */,
			);
		};
/* End PBXProject section */

/* Begin PBXResourcesBuildPhase section */
		121AB8532A47E90C0036CCA2 /* Resources */ = {
			isa = PBXResourcesBuildPhase;
			buildActionMask = 2147483647;
			files = (
				121AB8602A47E90D0036CCA2 /* Preview Assets.xcassets in Resources */,
				12DEF9AE2A527B1A0066B4DA /* ColorAssets.xcassets in Resources */,
				121AB85D2A47E90D0036CCA2 /* ImageAssets.xcassets in Resources */,
			);
			runOnlyForDeploymentPostprocessing = 0;
		};
		121AB8632A47E90D0036CCA2 /* Resources */ = {
			isa = PBXResourcesBuildPhase;
			buildActionMask = 2147483647;
			files = (
			);
			runOnlyForDeploymentPostprocessing = 0;
		};
		121AB86D2A47E90D0036CCA2 /* Resources */ = {
			isa = PBXResourcesBuildPhase;
			buildActionMask = 2147483647;
			files = (
			);
			runOnlyForDeploymentPostprocessing = 0;
		};
/* End PBXResourcesBuildPhase section */

/* Begin PBXShellScriptBuildPhase section */
		0FA480FEA51FAF246C723196 /* [CP] Check Pods Manifest.lock */ = {
			isa = PBXShellScriptBuildPhase;
			buildActionMask = 2147483647;
			files = (
			);
			inputFileListPaths = (
			);
			inputPaths = (
				"${PODS_PODFILE_DIR_PATH}/Podfile.lock",
				"${PODS_ROOT}/Manifest.lock",
			);
			name = "[CP] Check Pods Manifest.lock";
			outputFileListPaths = (
			);
			outputPaths = (
				"$(DERIVED_FILE_DIR)/Pods-SwiftUIDemo-SwiftUIDemoUITests-checkManifestLockResult.txt",
			);
			runOnlyForDeploymentPostprocessing = 0;
			shellPath = /bin/sh;
			shellScript = "diff \"${PODS_PODFILE_DIR_PATH}/Podfile.lock\" \"${PODS_ROOT}/Manifest.lock\" > /dev/null\nif [ $? != 0 ] ; then\n    # print error to STDERR\n    echo \"error: The sandbox is not in sync with the Podfile.lock. Run 'pod install' or update your CocoaPods installation.\" >&2\n    exit 1\nfi\n# This output is used by Xcode 'outputs' to avoid re-running this script phase.\necho \"SUCCESS\" > \"${SCRIPT_OUTPUT_FILE_0}\"\n";
			showEnvVarsInLog = 0;
		};
		1D9665F584FDA498C937EAF3 /* [CP] Check Pods Manifest.lock */ = {
			isa = PBXShellScriptBuildPhase;
			buildActionMask = 2147483647;
			files = (
			);
			inputFileListPaths = (
			);
			inputPaths = (
				"${PODS_PODFILE_DIR_PATH}/Podfile.lock",
				"${PODS_ROOT}/Manifest.lock",
			);
			name = "[CP] Check Pods Manifest.lock";
			outputFileListPaths = (
			);
			outputPaths = (
				"$(DERIVED_FILE_DIR)/Pods-SwiftUIDemo-checkManifestLockResult.txt",
			);
			runOnlyForDeploymentPostprocessing = 0;
			shellPath = /bin/sh;
			shellScript = "diff \"${PODS_PODFILE_DIR_PATH}/Podfile.lock\" \"${PODS_ROOT}/Manifest.lock\" > /dev/null\nif [ $? != 0 ] ; then\n    # print error to STDERR\n    echo \"error: The sandbox is not in sync with the Podfile.lock. Run 'pod install' or update your CocoaPods installation.\" >&2\n    exit 1\nfi\n# This output is used by Xcode 'outputs' to avoid re-running this script phase.\necho \"SUCCESS\" > \"${SCRIPT_OUTPUT_FILE_0}\"\n";
			showEnvVarsInLog = 0;
		};
		D227BA08FAFE5C894C132EA5 /* [CP] Check Pods Manifest.lock */ = {
			isa = PBXShellScriptBuildPhase;
			buildActionMask = 2147483647;
			files = (
			);
			inputFileListPaths = (
			);
			inputPaths = (
				"${PODS_PODFILE_DIR_PATH}/Podfile.lock",
				"${PODS_ROOT}/Manifest.lock",
			);
			name = "[CP] Check Pods Manifest.lock";
			outputFileListPaths = (
			);
			outputPaths = (
				"$(DERIVED_FILE_DIR)/Pods-SwiftUIDemoTests-checkManifestLockResult.txt",
			);
			runOnlyForDeploymentPostprocessing = 0;
			shellPath = /bin/sh;
			shellScript = "diff \"${PODS_PODFILE_DIR_PATH}/Podfile.lock\" \"${PODS_ROOT}/Manifest.lock\" > /dev/null\nif [ $? != 0 ] ; then\n    # print error to STDERR\n    echo \"error: The sandbox is not in sync with the Podfile.lock. Run 'pod install' or update your CocoaPods installation.\" >&2\n    exit 1\nfi\n# This output is used by Xcode 'outputs' to avoid re-running this script phase.\necho \"SUCCESS\" > \"${SCRIPT_OUTPUT_FILE_0}\"\n";
			showEnvVarsInLog = 0;
		};
/* End PBXShellScriptBuildPhase section */

/* Begin PBXSourcesBuildPhase section */
		121AB8512A47E90C0036CCA2 /* Sources */ = {
			isa = PBXSourcesBuildPhase;
			buildActionMask = 2147483647;
			files = (
				121AB85B2A47E90C0036CCA2 /* LoginView.swift in Sources */,
				121AB8592A47E90C0036CCA2 /* SwiftUIDemoApp.swift in Sources */,
				12AAEECA2A4EAD590065F810 /* LoginViewModel.swift in Sources */,
				12DEF9B02A529C840066B4DA /* ButtonExtension.swift in Sources */,
				12DEF9AA2A527A630066B4DA /* ColorExtension.swift in Sources */,
				12DEF9AC2A527AA70066B4DA /* ViewExtension.swift in Sources */,
			);
			runOnlyForDeploymentPostprocessing = 0;
		};
		121AB8612A47E90D0036CCA2 /* Sources */ = {
			isa = PBXSourcesBuildPhase;
			buildActionMask = 2147483647;
			files = (
				121AB86A2A47E90D0036CCA2 /* SwiftUIDemoTests.swift in Sources */,
			);
			runOnlyForDeploymentPostprocessing = 0;
		};
		121AB86B2A47E90D0036CCA2 /* Sources */ = {
			isa = PBXSourcesBuildPhase;
			buildActionMask = 2147483647;
			files = (
				121AB8742A47E90D0036CCA2 /* SwiftUIDemoUITests.swift in Sources */,
				121AB8762A47E90D0036CCA2 /* SwiftUIDemoUITestsLaunchTests.swift in Sources */,
			);
			runOnlyForDeploymentPostprocessing = 0;
		};
/* End PBXSourcesBuildPhase section */

/* Begin PBXTargetDependency section */
		121AB8672A47E90D0036CCA2 /* PBXTargetDependency */ = {
			isa = PBXTargetDependency;
			target = 121AB8542A47E90C0036CCA2 /* SwiftUIDemo */;
			targetProxy = 121AB8662A47E90D0036CCA2 /* PBXContainerItemProxy */;
		};
		121AB8712A47E90D0036CCA2 /* PBXTargetDependency */ = {
			isa = PBXTargetDependency;
			target = 121AB8542A47E90C0036CCA2 /* SwiftUIDemo */;
			targetProxy = 121AB8702A47E90D0036CCA2 /* PBXContainerItemProxy */;
		};
/* End PBXTargetDependency section */

/* Begin XCBuildConfiguration section */
		121AB8772A47E90D0036CCA2 /* Debug */ = {
			isa = XCBuildConfiguration;
			buildSettings = {
				ALWAYS_SEARCH_USER_PATHS = NO;
				CLANG_ANALYZER_NONNULL = YES;
				CLANG_ANALYZER_NUMBER_OBJECT_CONVERSION = YES_AGGRESSIVE;
				CLANG_CXX_LANGUAGE_STANDARD = "gnu++20";
				CLANG_ENABLE_MODULES = YES;
				CLANG_ENABLE_OBJC_ARC = YES;
				CLANG_ENABLE_OBJC_WEAK = YES;
				CLANG_WARN_BLOCK_CAPTURE_AUTORELEASING = YES;
				CLANG_WARN_BOOL_CONVERSION = YES;
				CLANG_WARN_COMMA = YES;
				CLANG_WARN_CONSTANT_CONVERSION = YES;
				CLANG_WARN_DEPRECATED_OBJC_IMPLEMENTATIONS = YES;
				CLANG_WARN_DIRECT_OBJC_ISA_USAGE = YES_ERROR;
				CLANG_WARN_DOCUMENTATION_COMMENTS = YES;
				CLANG_WARN_EMPTY_BODY = YES;
				CLANG_WARN_ENUM_CONVERSION = YES;
				CLANG_WARN_INFINITE_RECURSION = YES;
				CLANG_WARN_INT_CONVERSION = YES;
				CLANG_WARN_NON_LITERAL_NULL_CONVERSION = YES;
				CLANG_WARN_OBJC_IMPLICIT_RETAIN_SELF = YES;
				CLANG_WARN_OBJC_LITERAL_CONVERSION = YES;
				CLANG_WARN_OBJC_ROOT_CLASS = YES_ERROR;
				CLANG_WARN_QUOTED_INCLUDE_IN_FRAMEWORK_HEADER = YES;
				CLANG_WARN_RANGE_LOOP_ANALYSIS = YES;
				CLANG_WARN_STRICT_PROTOTYPES = YES;
				CLANG_WARN_SUSPICIOUS_MOVE = YES;
				CLANG_WARN_UNGUARDED_AVAILABILITY = YES_AGGRESSIVE;
				CLANG_WARN_UNREACHABLE_CODE = YES;
				CLANG_WARN__DUPLICATE_METHOD_MATCH = YES;
				COPY_PHASE_STRIP = NO;
				DEBUG_INFORMATION_FORMAT = dwarf;
				ENABLE_STRICT_OBJC_MSGSEND = YES;
				ENABLE_TESTABILITY = YES;
				GCC_C_LANGUAGE_STANDARD = gnu11;
				GCC_DYNAMIC_NO_PIC = NO;
				GCC_NO_COMMON_BLOCKS = YES;
				GCC_OPTIMIZATION_LEVEL = 0;
				GCC_PREPROCESSOR_DEFINITIONS = (
					"DEBUG=1",
					"$(inherited)",
				);
				GCC_WARN_64_TO_32_BIT_CONVERSION = YES;
				GCC_WARN_ABOUT_RETURN_TYPE = YES_ERROR;
				GCC_WARN_UNDECLARED_SELECTOR = YES;
				GCC_WARN_UNINITIALIZED_AUTOS = YES_AGGRESSIVE;
				GCC_WARN_UNUSED_FUNCTION = YES;
				GCC_WARN_UNUSED_VARIABLE = YES;
				IPHONEOS_DEPLOYMENT_TARGET = 16.4;
				MTL_ENABLE_DEBUG_INFO = INCLUDE_SOURCE;
				MTL_FAST_MATH = YES;
				ONLY_ACTIVE_ARCH = YES;
				SDKROOT = iphoneos;
				SWIFT_ACTIVE_COMPILATION_CONDITIONS = DEBUG;
				SWIFT_OPTIMIZATION_LEVEL = "-Onone";
			};
			name = Debug;
		};
		121AB8782A47E90D0036CCA2 /* Release */ = {
			isa = XCBuildConfiguration;
			buildSettings = {
				ALWAYS_SEARCH_USER_PATHS = NO;
				CLANG_ANALYZER_NONNULL = YES;
				CLANG_ANALYZER_NUMBER_OBJECT_CONVERSION = YES_AGGRESSIVE;
				CLANG_CXX_LANGUAGE_STANDARD = "gnu++20";
				CLANG_ENABLE_MODULES = YES;
				CLANG_ENABLE_OBJC_ARC = YES;
				CLANG_ENABLE_OBJC_WEAK = YES;
				CLANG_WARN_BLOCK_CAPTURE_AUTORELEASING = YES;
				CLANG_WARN_BOOL_CONVERSION = YES;
				CLANG_WARN_COMMA = YES;
				CLANG_WARN_CONSTANT_CONVERSION = YES;
				CLANG_WARN_DEPRECATED_OBJC_IMPLEMENTATIONS = YES;
				CLANG_WARN_DIRECT_OBJC_ISA_USAGE = YES_ERROR;
				CLANG_WARN_DOCUMENTATION_COMMENTS = YES;
				CLANG_WARN_EMPTY_BODY = YES;
				CLANG_WARN_ENUM_CONVERSION = YES;
				CLANG_WARN_INFINITE_RECURSION = YES;
				CLANG_WARN_INT_CONVERSION = YES;
				CLANG_WARN_NON_LITERAL_NULL_CONVERSION = YES;
				CLANG_WARN_OBJC_IMPLICIT_RETAIN_SELF = YES;
				CLANG_WARN_OBJC_LITERAL_CONVERSION = YES;
				CLANG_WARN_OBJC_ROOT_CLASS = YES_ERROR;
				CLANG_WARN_QUOTED_INCLUDE_IN_FRAMEWORK_HEADER = YES;
				CLANG_WARN_RANGE_LOOP_ANALYSIS = YES;
				CLANG_WARN_STRICT_PROTOTYPES = YES;
				CLANG_WARN_SUSPICIOUS_MOVE = YES;
				CLANG_WARN_UNGUARDED_AVAILABILITY = YES_AGGRESSIVE;
				CLANG_WARN_UNREACHABLE_CODE = YES;
				CLANG_WARN__DUPLICATE_METHOD_MATCH = YES;
				COPY_PHASE_STRIP = NO;
				DEBUG_INFORMATION_FORMAT = "dwarf-with-dsym";
				ENABLE_NS_ASSERTIONS = NO;
				ENABLE_STRICT_OBJC_MSGSEND = YES;
				GCC_C_LANGUAGE_STANDARD = gnu11;
				GCC_NO_COMMON_BLOCKS = YES;
				GCC_WARN_64_TO_32_BIT_CONVERSION = YES;
				GCC_WARN_ABOUT_RETURN_TYPE = YES_ERROR;
				GCC_WARN_UNDECLARED_SELECTOR = YES;
				GCC_WARN_UNINITIALIZED_AUTOS = YES_AGGRESSIVE;
				GCC_WARN_UNUSED_FUNCTION = YES;
				GCC_WARN_UNUSED_VARIABLE = YES;
				IPHONEOS_DEPLOYMENT_TARGET = 16.4;
				MTL_ENABLE_DEBUG_INFO = NO;
				MTL_FAST_MATH = YES;
				SDKROOT = iphoneos;
				SWIFT_COMPILATION_MODE = wholemodule;
				SWIFT_OPTIMIZATION_LEVEL = "-O";
				VALIDATE_PRODUCT = YES;
			};
			name = Release;
		};
		121AB87A2A47E90D0036CCA2 /* Debug */ = {
			isa = XCBuildConfiguration;
			baseConfigurationReference = 516E42838A2D6A6DE20DE15B /* Pods-SwiftUIDemo.debug.xcconfig */;
			buildSettings = {
				ASSETCATALOG_COMPILER_APPICON_NAME = AppIcon;
				ASSETCATALOG_COMPILER_GLOBAL_ACCENT_COLOR_NAME = AccentColor;
				CODE_SIGN_STYLE = Automatic;
				CURRENT_PROJECT_VERSION = 1;
				DEVELOPMENT_ASSET_PATHS = "\"SwiftUIDemo/Preview Content\"";
				DEVELOPMENT_TEAM = 47M4Z467XX;
				ENABLE_PREVIEWS = YES;
				GENERATE_INFOPLIST_FILE = YES;
				INFOPLIST_KEY_UIApplicationSceneManifest_Generation = YES;
				INFOPLIST_KEY_UIApplicationSupportsIndirectInputEvents = YES;
				INFOPLIST_KEY_UILaunchScreen_Generation = YES;
				INFOPLIST_KEY_UISupportedInterfaceOrientations_iPad = "UIInterfaceOrientationPortrait UIInterfaceOrientationPortraitUpsideDown UIInterfaceOrientationLandscapeLeft UIInterfaceOrientationLandscapeRight";
				INFOPLIST_KEY_UISupportedInterfaceOrientations_iPhone = "UIInterfaceOrientationPortrait UIInterfaceOrientationLandscapeLeft UIInterfaceOrientationLandscapeRight";
				LD_RUNPATH_SEARCH_PATHS = (
					"$(inherited)",
					"@executable_path/Frameworks",
				);
				MARKETING_VERSION = 1.0;
				PRODUCT_BUNDLE_IDENTIFIER = com.sxt.SwiftUIDemo;
				PRODUCT_NAME = "$(TARGET_NAME)";
				SWIFT_EMIT_LOC_STRINGS = YES;
				SWIFT_VERSION = 5.0;
				TARGETED_DEVICE_FAMILY = "1,2";
			};
			name = Debug;
		};
		121AB87B2A47E90D0036CCA2 /* Release */ = {
			isa = XCBuildConfiguration;
			baseConfigurationReference = D1652936F107077B2A08F23A /* Pods-SwiftUIDemo.release.xcconfig */;
			buildSettings = {
				ASSETCATALOG_COMPILER_APPICON_NAME = AppIcon;
				ASSETCATALOG_COMPILER_GLOBAL_ACCENT_COLOR_NAME = AccentColor;
				CODE_SIGN_STYLE = Automatic;
				CURRENT_PROJECT_VERSION = 1;
				DEVELOPMENT_ASSET_PATHS = "\"SwiftUIDemo/Preview Content\"";
				DEVELOPMENT_TEAM = 47M4Z467XX;
				ENABLE_PREVIEWS = YES;
				GENERATE_INFOPLIST_FILE = YES;
				INFOPLIST_KEY_UIApplicationSceneManifest_Generation = YES;
				INFOPLIST_KEY_UIApplicationSupportsIndirectInputEvents = YES;
				INFOPLIST_KEY_UILaunchScreen_Generation = YES;
				INFOPLIST_KEY_UISupportedInterfaceOrientations_iPad = "UIInterfaceOrientationPortrait UIInterfaceOrientationPortraitUpsideDown UIInterfaceOrientationLandscapeLeft UIInterfaceOrientationLandscapeRight";
				INFOPLIST_KEY_UISupportedInterfaceOrientations_iPhone = "UIInterfaceOrientationPortrait UIInterfaceOrientationLandscapeLeft UIInterfaceOrientationLandscapeRight";
				LD_RUNPATH_SEARCH_PATHS = (
					"$(inherited)",
					"@executable_path/Frameworks",
				);
				MARKETING_VERSION = 1.0;
				PRODUCT_BUNDLE_IDENTIFIER = com.sxt.SwiftUIDemo;
				PRODUCT_NAME = "$(TARGET_NAME)";
				SWIFT_EMIT_LOC_STRINGS = YES;
				SWIFT_VERSION = 5.0;
				TARGETED_DEVICE_FAMILY = "1,2";
			};
			name = Release;
		};
		121AB87D2A47E90D0036CCA2 /* Debug */ = {
			isa = XCBuildConfiguration;
			baseConfigurationReference = BC03B66796C75AF36B33BDF8 /* Pods-SwiftUIDemoTests.debug.xcconfig */;
			buildSettings = {
				ALWAYS_EMBED_SWIFT_STANDARD_LIBRARIES = YES;
				BUNDLE_LOADER = "$(TEST_HOST)";
				CODE_SIGN_STYLE = Automatic;
				CURRENT_PROJECT_VERSION = 1;
				GENERATE_INFOPLIST_FILE = YES;
				IPHONEOS_DEPLOYMENT_TARGET = 16.4;
				MARKETING_VERSION = 1.0;
				PRODUCT_BUNDLE_IDENTIFIER = com.sxt.SwiftUIDemoTests;
				PRODUCT_NAME = "$(TARGET_NAME)";
				SWIFT_EMIT_LOC_STRINGS = NO;
				SWIFT_VERSION = 5.0;
				TARGETED_DEVICE_FAMILY = "1,2";
				TEST_HOST = "$(BUILT_PRODUCTS_DIR)/SwiftUIDemo.app/$(BUNDLE_EXECUTABLE_FOLDER_PATH)/SwiftUIDemo";
			};
			name = Debug;
		};
		121AB87E2A47E90D0036CCA2 /* Release */ = {
			isa = XCBuildConfiguration;
			baseConfigurationReference = CF91A261E52CC99F75C9C06D /* Pods-SwiftUIDemoTests.release.xcconfig */;
			buildSettings = {
				ALWAYS_EMBED_SWIFT_STANDARD_LIBRARIES = YES;
				BUNDLE_LOADER = "$(TEST_HOST)";
				CODE_SIGN_STYLE = Automatic;
				CURRENT_PROJECT_VERSION = 1;
				GENERATE_INFOPLIST_FILE = YES;
				IPHONEOS_DEPLOYMENT_TARGET = 16.4;
				MARKETING_VERSION = 1.0;
				PRODUCT_BUNDLE_IDENTIFIER = com.sxt.SwiftUIDemoTests;
				PRODUCT_NAME = "$(TARGET_NAME)";
				SWIFT_EMIT_LOC_STRINGS = NO;
				SWIFT_VERSION = 5.0;
				TARGETED_DEVICE_FAMILY = "1,2";
				TEST_HOST = "$(BUILT_PRODUCTS_DIR)/SwiftUIDemo.app/$(BUNDLE_EXECUTABLE_FOLDER_PATH)/SwiftUIDemo";
			};
			name = Release;
		};
		121AB8802A47E90D0036CCA2 /* Debug */ = {
			isa = XCBuildConfiguration;
			baseConfigurationReference = 1C7B55A5875A00A27A47C418 /* Pods-SwiftUIDemo-SwiftUIDemoUITests.debug.xcconfig */;
			buildSettings = {
				ALWAYS_EMBED_SWIFT_STANDARD_LIBRARIES = YES;
				CODE_SIGN_STYLE = Automatic;
				CURRENT_PROJECT_VERSION = 1;
				GENERATE_INFOPLIST_FILE = YES;
				MARKETING_VERSION = 1.0;
				PRODUCT_BUNDLE_IDENTIFIER = com.sxt.SwiftUIDemoUITests;
				PRODUCT_NAME = "$(TARGET_NAME)";
				SWIFT_EMIT_LOC_STRINGS = NO;
				SWIFT_VERSION = 5.0;
				TARGETED_DEVICE_FAMILY = "1,2";
				TEST_TARGET_NAME = SwiftUIDemo;
			};
			name = Debug;
		};
		121AB8812A47E90D0036CCA2 /* Release */ = {
			isa = XCBuildConfiguration;
			baseConfigurationReference = 1613759ADC8DA58BED7089A3 /* Pods-SwiftUIDemo-SwiftUIDemoUITests.release.xcconfig */;
			buildSettings = {
				ALWAYS_EMBED_SWIFT_STANDARD_LIBRARIES = YES;
				CODE_SIGN_STYLE = Automatic;
				CURRENT_PROJECT_VERSION = 1;
				GENERATE_INFOPLIST_FILE = YES;
				MARKETING_VERSION = 1.0;
				PRODUCT_BUNDLE_IDENTIFIER = com.sxt.SwiftUIDemoUITests;
				PRODUCT_NAME = "$(TARGET_NAME)";
				SWIFT_EMIT_LOC_STRINGS = NO;
				SWIFT_VERSION = 5.0;
				TARGETED_DEVICE_FAMILY = "1,2";
				TEST_TARGET_NAME = SwiftUIDemo;
			};
			name = Release;
		};
/* End XCBuildConfiguration section */

/* Begin XCConfigurationList section */
		121AB8502A47E90C0036CCA2 /* Build configuration list for PBXProject "SwiftUIDemo" */ = {
			isa = XCConfigurationList;
			buildConfigurations = (
				121AB8772A47E90D0036CCA2 /* Debug */,
				121AB8782A47E90D0036CCA2 /* Release */,
			);
			defaultConfigurationIsVisible = 0;
			defaultConfigurationName = Release;
		};
		121AB8792A47E90D0036CCA2 /* Build configuration list for PBXNativeTarget "SwiftUIDemo" */ = {
			isa = XCConfigurationList;
			buildConfigurations = (
				121AB87A2A47E90D0036CCA2 /* Debug */,
				121AB87B2A47E90D0036CCA2 /* Release */,
			);
			defaultConfigurationIsVisible = 0;
			defaultConfigurationName = Release;
		};
		121AB87C2A47E90D0036CCA2 /* Build configuration list for PBXNativeTarget "SwiftUIDemoTests" */ = {
			isa = XCConfigurationList;
			buildConfigurations = (
				121AB87D2A47E90D0036CCA2 /* Debug */,
				121AB87E2A47E90D0036CCA2 /* Release */,
			);
			defaultConfigurationIsVisible = 0;
			defaultConfigurationName = Release;
		};
		121AB87F2A47E90D0036CCA2 /* Build configuration list for PBXNativeTarget "SwiftUIDemoUITests" */ = {
			isa = XCConfigurationList;
			buildConfigurations = (
				121AB8802A47E90D0036CCA2 /* Debug */,
				121AB8812A47E90D0036CCA2 /* Release */,
			);
			defaultConfigurationIsVisible = 0;
			defaultConfigurationName = Release;
		};
/* End XCConfigurationList section */
	};
	rootObject = 121AB84D2A47E90C0036CCA2 /* Project object */;
}
